// !$*UTF8*$!
{
	archiveVersion = 1;
	classes = {
	};
	objectVersion = 77;
	objects = {

/* Begin PBXContainerItemProxy section */
		FACB1E612CF5B3C90057D934 /* PBXContainerItemProxy */ = {
			isa = PBXContainerItemProxy;
			containerPortal = FACB1E482CF5B3C60057D934 /* Project object */;
			proxyType = 1;
			remoteGlobalIDString = FACB1E4F2CF5B3C60057D934;
			remoteInfo = HealthData;
		};
		FACB1E6B2CF5B3C90057D934 /* PBXContainerItemProxy */ = {
			isa = PBXContainerItemProxy;
			containerPortal = FACB1E482CF5B3C60057D934 /* Project object */;
			proxyType = 1;
			remoteGlobalIDString = FACB1E4F2CF5B3C60057D934;
			remoteInfo = HealthData;
		};
		FACB1EAD2CFD46E80057D934 /* PBXContainerItemProxy */ = {
			isa = PBXContainerItemProxy;
			containerPortal = FACB1E482CF5B3C60057D934 /* Project object */;
			proxyType = 1;
			remoteGlobalIDString = FACB1E9C2CFD46E50057D934;
			remoteInfo = "HealthDataWatch Watch App";
		};
		FACB1EB72CFD46E80057D934 /* PBXContainerItemProxy */ = {
			isa = PBXContainerItemProxy;
			containerPortal = FACB1E482CF5B3C60057D934 /* Project object */;
			proxyType = 1;
			remoteGlobalIDString = FACB1E9C2CFD46E50057D934;
			remoteInfo = "HealthDataWatch Watch App";
		};
/* End PBXContainerItemProxy section */

/* Begin PBXCopyFilesBuildPhase section */
		FACB1EC42CFD46E80057D934 /* Embed Watch Content */ = {
			isa = PBXCopyFilesBuildPhase;
			buildActionMask = 2147483647;
			dstPath = "$(CONTENTS_FOLDER_PATH)/Watch";
			dstSubfolderSpec = 16;
			files = (
			);
			name = "Embed Watch Content";
			runOnlyForDeploymentPostprocessing = 0;
		};
/* End PBXCopyFilesBuildPhase section */

/* Begin PBXFileReference section */
		FACB1E502CF5B3C60057D934 /* HealthData.app */ = {isa = PBXFileReference; explicitFileType = wrapper.application; includeInIndex = 0; path = HealthData.app; sourceTree = BUILT_PRODUCTS_DIR; };
		FACB1E602CF5B3C90057D934 /* HealthDataTests.xctest */ = {isa = PBXFileReference; explicitFileType = wrapper.cfbundle; includeInIndex = 0; path = HealthDataTests.xctest; sourceTree = BUILT_PRODUCTS_DIR; };
		FACB1E6A2CF5B3C90057D934 /* HealthDataUITests.xctest */ = {isa = PBXFileReference; explicitFileType = wrapper.cfbundle; includeInIndex = 0; path = HealthDataUITests.xctest; sourceTree = BUILT_PRODUCTS_DIR; };
		FACB1E9D2CFD46E50057D934 /* HealthDataWatch.app */ = {isa = PBXFileReference; explicitFileType = wrapper.application; includeInIndex = 0; path = HealthDataWatch.app; sourceTree = BUILT_PRODUCTS_DIR; };
		FACB1EAC2CFD46E80057D934 /* HealthDataWatchTests.xctest */ = {isa = PBXFileReference; explicitFileType = wrapper.cfbundle; includeInIndex = 0; path = HealthDataWatchTests.xctest; sourceTree = BUILT_PRODUCTS_DIR; };
		FACB1EB62CFD46E80057D934 /* HealthDataWatchUITests.xctest */ = {isa = PBXFileReference; explicitFileType = wrapper.cfbundle; includeInIndex = 0; path = HealthDataWatchUITests.xctest; sourceTree = BUILT_PRODUCTS_DIR; };
/* End PBXFileReference section */

/* Begin PBXFileSystemSynchronizedBuildFileExceptionSet section */
		FACB1F0A2D00438B0057D934 /* Exceptions for "HealthData" folder in "HealthData" target */ = {
			isa = PBXFileSystemSynchronizedBuildFileExceptionSet;
			membershipExceptions = (
				Info.plist,
			);
			target = FACB1E4F2CF5B3C60057D934 /* HealthData */;
		};
/* End PBXFileSystemSynchronizedBuildFileExceptionSet section */

/* Begin PBXFileSystemSynchronizedRootGroup section */
		FACB1E522CF5B3C60057D934 /* HealthData */ = {
			isa = PBXFileSystemSynchronizedRootGroup;
			exceptions = (
				FACB1F0A2D00438B0057D934 /* Exceptions for "HealthData" folder in "HealthData" target */,
			);
			path = HealthData;
			sourceTree = "<group>";
		};
		FACB1E632CF5B3C90057D934 /* HealthDataTests */ = {
			isa = PBXFileSystemSynchronizedRootGroup;
			path = HealthDataTests;
			sourceTree = "<group>";
		};
/* End PBXFileSystemSynchronizedRootGroup section */

/* Begin PBXFrameworksBuildPhase section */
		FACB1E4D2CF5B3C60057D934 /* Frameworks */ = {
			isa = PBXFrameworksBuildPhase;
			buildActionMask = 2147483647;
			files = (
			);
			runOnlyForDeploymentPostprocessing = 0;
		};
		FACB1E5D2CF5B3C90057D934 /* Frameworks */ = {
			isa = PBXFrameworksBuildPhase;
			buildActionMask = 2147483647;
			files = (
			);
			runOnlyForDeploymentPostprocessing = 0;
		};
		FACB1E672CF5B3C90057D934 /* Frameworks */ = {
			isa = PBXFrameworksBuildPhase;
			buildActionMask = 2147483647;
			files = (
			);
			runOnlyForDeploymentPostprocessing = 0;
		};
		FACB1E9A2CFD46E50057D934 /* Frameworks */ = {
			isa = PBXFrameworksBuildPhase;
			buildActionMask = 2147483647;
			files = (
			);
			runOnlyForDeploymentPostprocessing = 0;
		};
		FACB1EA92CFD46E80057D934 /* Frameworks */ = {
			isa = PBXFrameworksBuildPhase;
			buildActionMask = 2147483647;
			files = (
			);
			runOnlyForDeploymentPostprocessing = 0;
		};
		FACB1EB32CFD46E80057D934 /* Frameworks */ = {
			isa = PBXFrameworksBuildPhase;
			buildActionMask = 2147483647;
			files = (
			);
			runOnlyForDeploymentPostprocessing = 0;
		};
/* End PBXFrameworksBuildPhase section */

/* Begin PBXGroup section */
		FACB1E472CF5B3C60057D934 = {
			isa = PBXGroup;
			children = (
				FACB1E522CF5B3C60057D934 /* HealthData */,
				FACB1E632CF5B3C90057D934 /* HealthDataTests */,
				FACB1E512CF5B3C60057D934 /* Products */,
			);
			sourceTree = "<group>";
		};
		FACB1E512CF5B3C60057D934 /* Products */ = {
			isa = PBXGroup;
			children = (
				FACB1E502CF5B3C60057D934 /* HealthData.app */,
				FACB1E602CF5B3C90057D934 /* HealthDataTests.xctest */,
				FACB1E6A2CF5B3C90057D934 /* HealthDataUITests.xctest */,
				FACB1E9D2CFD46E50057D934 /* HealthDataWatch.app */,
				FACB1EAC2CFD46E80057D934 /* HealthDataWatchTests.xctest */,
				FACB1EB62CFD46E80057D934 /* HealthDataWatchUITests.xctest */,
			);
			name = Products;
			sourceTree = "<group>";
		};
/* End PBXGroup section */

/* Begin PBXNativeTarget section */
		FACB1E4F2CF5B3C60057D934 /* HealthData */ = {
			isa = PBXNativeTarget;
			buildConfigurationList = FACB1E742CF5B3C90057D934 /* Build configuration list for PBXNativeTarget "HealthData" */;
			buildPhases = (
				FACB1E4C2CF5B3C60057D934 /* Sources */,
				FACB1E4D2CF5B3C60057D934 /* Frameworks */,
				FACB1E4E2CF5B3C60057D934 /* Resources */,
				FACB1EC42CFD46E80057D934 /* Embed Watch Content */,
			);
			buildRules = (
			);
			dependencies = (
			);
			fileSystemSynchronizedGroups = (
				FACB1E522CF5B3C60057D934 /* HealthData */,
			);
			name = HealthData;
			packageProductDependencies = (
			);
			productName = HealthData;
			productReference = FACB1E502CF5B3C60057D934 /* HealthData.app */;
			productType = "com.apple.product-type.application";
		};
		FACB1E5F2CF5B3C90057D934 /* HealthDataTests */ = {
			isa = PBXNativeTarget;
			buildConfigurationList = FACB1E772CF5B3C90057D934 /* Build configuration list for PBXNativeTarget "HealthDataTests" */;
			buildPhases = (
				FACB1E5C2CF5B3C90057D934 /* Sources */,
				FACB1E5D2CF5B3C90057D934 /* Frameworks */,
				FACB1E5E2CF5B3C90057D934 /* Resources */,
			);
			buildRules = (
			);
			dependencies = (
				FACB1E622CF5B3C90057D934 /* PBXTargetDependency */,
			);
			fileSystemSynchronizedGroups = (
				FACB1E632CF5B3C90057D934 /* HealthDataTests */,
			);
			name = HealthDataTests;
			packageProductDependencies = (
			);
			productName = HealthDataTests;
			productReference = FACB1E602CF5B3C90057D934 /* HealthDataTests.xctest */;
			productType = "com.apple.product-type.bundle.unit-test";
		};
		FACB1E692CF5B3C90057D934 /* HealthDataUITests */ = {
			isa = PBXNativeTarget;
			buildConfigurationList = FACB1E7A2CF5B3C90057D934 /* Build configuration list for PBXNativeTarget "HealthDataUITests" */;
			buildPhases = (
				FACB1E662CF5B3C90057D934 /* Sources */,
				FACB1E672CF5B3C90057D934 /* Frameworks */,
				FACB1E682CF5B3C90057D934 /* Resources */,
			);
			buildRules = (
			);
			dependencies = (
				FACB1E6C2CF5B3C90057D934 /* PBXTargetDependency */,
			);
			name = HealthDataUITests;
			packageProductDependencies = (
			);
			productName = HealthDataUITests;
			productReference = FACB1E6A2CF5B3C90057D934 /* HealthDataUITests.xctest */;
			productType = "com.apple.product-type.bundle.ui-testing";
		};
		FACB1E9C2CFD46E50057D934 /* HealthDataWatch */ = {
			isa = PBXNativeTarget;
			buildConfigurationList = FACB1EC12CFD46E80057D934 /* Build configuration list for PBXNativeTarget "HealthDataWatch" */;
			buildPhases = (
				FACB1E992CFD46E50057D934 /* Sources */,
				FACB1E9A2CFD46E50057D934 /* Frameworks */,
				FACB1E9B2CFD46E50057D934 /* Resources */,
			);
			buildRules = (
			);
			dependencies = (
			);
			name = HealthDataWatch;
			packageProductDependencies = (
			);
			productName = "HealthDataWatch Watch App";
			productReference = FACB1E9D2CFD46E50057D934 /* HealthDataWatch.app */;
			productType = "com.apple.product-type.application";
		};
		FACB1EAB2CFD46E80057D934 /* HealthDataWatchTests */ = {
			isa = PBXNativeTarget;
			buildConfigurationList = FACB1EC52CFD46E80057D934 /* Build configuration list for PBXNativeTarget "HealthDataWatchTests" */;
			buildPhases = (
				FACB1EA82CFD46E80057D934 /* Sources */,
				FACB1EA92CFD46E80057D934 /* Frameworks */,
				FACB1EAA2CFD46E80057D934 /* Resources */,
			);
			buildRules = (
			);
			dependencies = (
				FACB1EAE2CFD46E80057D934 /* PBXTargetDependency */,
			);
			name = HealthDataWatchTests;
			packageProductDependencies = (
			);
			productName = "HealthDataWatch Watch AppTests";
			productReference = FACB1EAC2CFD46E80057D934 /* HealthDataWatchTests.xctest */;
			productType = "com.apple.product-type.bundle.unit-test";
		};
		FACB1EB52CFD46E80057D934 /* HealthDataWatchUITests */ = {
			isa = PBXNativeTarget;
			buildConfigurationList = FACB1EC82CFD46E80057D934 /* Build configuration list for PBXNativeTarget "HealthDataWatchUITests" */;
			buildPhases = (
				FACB1EB22CFD46E80057D934 /* Sources */,
				FACB1EB32CFD46E80057D934 /* Frameworks */,
				FACB1EB42CFD46E80057D934 /* Resources */,
			);
			buildRules = (
			);
			dependencies = (
				FACB1EB82CFD46E80057D934 /* PBXTargetDependency */,
			);
			name = HealthDataWatchUITests;
			packageProductDependencies = (
			);
			productName = "HealthDataWatch Watch AppUITests";
			productReference = FACB1EB62CFD46E80057D934 /* HealthDataWatchUITests.xctest */;
			productType = "com.apple.product-type.bundle.ui-testing";
		};
/* End PBXNativeTarget section */

/* Begin PBXProject section */
		FACB1E482CF5B3C60057D934 /* Project object */ = {
			isa = PBXProject;
			attributes = {
				BuildIndependentTargetsInParallel = 1;
				LastSwiftUpdateCheck = 1610;
				LastUpgradeCheck = 1610;
				TargetAttributes = {
					FACB1E4F2CF5B3C60057D934 = {
						CreatedOnToolsVersion = 16.1;
					};
					FACB1E5F2CF5B3C90057D934 = {
						CreatedOnToolsVersion = 16.1;
						TestTargetID = FACB1E4F2CF5B3C60057D934;
					};
					FACB1E692CF5B3C90057D934 = {
						CreatedOnToolsVersion = 16.1;
						TestTargetID = FACB1E4F2CF5B3C60057D934;
					};
					FACB1E9C2CFD46E50057D934 = {
						CreatedOnToolsVersion = 16.1;
					};
					FACB1EAB2CFD46E80057D934 = {
						CreatedOnToolsVersion = 16.1;
						TestTargetID = FACB1E9C2CFD46E50057D934;
					};
					FACB1EB52CFD46E80057D934 = {
						CreatedOnToolsVersion = 16.1;
						TestTargetID = FACB1E9C2CFD46E50057D934;
					};
				};
			};
			buildConfigurationList = FACB1E4B2CF5B3C60057D934 /* Build configuration list for PBXProject "HealthData" */;
			developmentRegion = en;
			hasScannedForEncodings = 0;
			knownRegions = (
				en,
				Base,
			);
			mainGroup = FACB1E472CF5B3C60057D934;
			minimizedProjectReferenceProxies = 1;
			preferredProjectObjectVersion = 77;
			productRefGroup = FACB1E512CF5B3C60057D934 /* Products */;
			projectDirPath = "";
			projectRoot = "";
			targets = (
				FACB1E4F2CF5B3C60057D934 /* HealthData */,
				FACB1E5F2CF5B3C90057D934 /* HealthDataTests */,
				FACB1E692CF5B3C90057D934 /* HealthDataUITests */,
				FACB1E9C2CFD46E50057D934 /* HealthDataWatch */,
				FACB1EAB2CFD46E80057D934 /* HealthDataWatchTests */,
				FACB1EB52CFD46E80057D934 /* HealthDataWatchUITests */,
			);
		};
/* End PBXProject section */

/* Begin PBXResourcesBuildPhase section */
		FACB1E4E2CF5B3C60057D934 /* Resources */ = {
			isa = PBXResourcesBuildPhase;
			buildActionMask = 2147483647;
			files = (
			);
			runOnlyForDeploymentPostprocessing = 0;
		};
		FACB1E5E2CF5B3C90057D934 /* Resources */ = {
			isa = PBXResourcesBuildPhase;
			buildActionMask = 2147483647;
			files = (
			);
			runOnlyForDeploymentPostprocessing = 0;
		};
		FACB1E682CF5B3C90057D934 /* Resources */ = {
			isa = PBXResourcesBuildPhase;
			buildActionMask = 2147483647;
			files = (
			);
			runOnlyForDeploymentPostprocessing = 0;
		};
		FACB1E9B2CFD46E50057D934 /* Resources */ = {
			isa = PBXResourcesBuildPhase;
			buildActionMask = 2147483647;
			files = (
			);
			runOnlyForDeploymentPostprocessing = 0;
		};
		FACB1EAA2CFD46E80057D934 /* Resources */ = {
			isa = PBXResourcesBuildPhase;
			buildActionMask = 2147483647;
			files = (
			);
			runOnlyForDeploymentPostprocessing = 0;
		};
		FACB1EB42CFD46E80057D934 /* Resources */ = {
			isa = PBXResourcesBuildPhase;
			buildActionMask = 2147483647;
			files = (
			);
			runOnlyForDeploymentPostprocessing = 0;
		};
/* End PBXResourcesBuildPhase section */

/* Begin PBXSourcesBuildPhase section */
		FACB1E4C2CF5B3C60057D934 /* Sources */ = {
			isa = PBXSourcesBuildPhase;
			buildActionMask = 2147483647;
			files = (
			);
			runOnlyForDeploymentPostprocessing = 0;
		};
		FACB1E5C2CF5B3C90057D934 /* Sources */ = {
			isa = PBXSourcesBuildPhase;
			buildActionMask = 2147483647;
			files = (
			);
			runOnlyForDeploymentPostprocessing = 0;
		};
		FACB1E662CF5B3C90057D934 /* Sources */ = {
			isa = PBXSourcesBuildPhase;
			buildActionMask = 2147483647;
			files = (
			);
			runOnlyForDeploymentPostprocessing = 0;
		};
		FACB1E992CFD46E50057D934 /* Sources */ = {
			isa = PBXSourcesBuildPhase;
			buildActionMask = 2147483647;
			files = (
			);
			runOnlyForDeploymentPostprocessing = 0;
		};
		FACB1EA82CFD46E80057D934 /* Sources */ = {
			isa = PBXSourcesBuildPhase;
			buildActionMask = 2147483647;
			files = (
			);
			runOnlyForDeploymentPostprocessing = 0;
		};
		FACB1EB22CFD46E80057D934 /* Sources */ = {
			isa = PBXSourcesBuildPhase;
			buildActionMask = 2147483647;
			files = (
			);
			runOnlyForDeploymentPostprocessing = 0;
		};
/* End PBXSourcesBuildPhase section */

/* Begin PBXTargetDependency section */
		FACB1E622CF5B3C90057D934 /* PBXTargetDependency */ = {
			isa = PBXTargetDependency;
			target = FACB1E4F2CF5B3C60057D934 /* HealthData */;
			targetProxy = FACB1E612CF5B3C90057D934 /* PBXContainerItemProxy */;
		};
		FACB1E6C2CF5B3C90057D934 /* PBXTargetDependency */ = {
			isa = PBXTargetDependency;
			target = FACB1E4F2CF5B3C60057D934 /* HealthData */;
			targetProxy = FACB1E6B2CF5B3C90057D934 /* PBXContainerItemProxy */;
		};
		FACB1EAE2CFD46E80057D934 /* PBXTargetDependency */ = {
			isa = PBXTargetDependency;
			target = FACB1E9C2CFD46E50057D934 /* HealthDataWatch */;
			targetProxy = FACB1EAD2CFD46E80057D934 /* PBXContainerItemProxy */;
		};
		FACB1EB82CFD46E80057D934 /* PBXTargetDependency */ = {
			isa = PBXTargetDependency;
			target = FACB1E9C2CFD46E50057D934 /* HealthDataWatch */;
			targetProxy = FACB1EB72CFD46E80057D934 /* PBXContainerItemProxy */;
		};
/* End PBXTargetDependency section */

/* Begin XCBuildConfiguration section */
		FACB1E722CF5B3C90057D934 /* Debug */ = {
			isa = XCBuildConfiguration;
			buildSettings = {
				ALWAYS_SEARCH_USER_PATHS = NO;
				ASSETCATALOG_COMPILER_GENERATE_SWIFT_ASSET_SYMBOL_EXTENSIONS = YES;
				CLANG_ANALYZER_NONNULL = YES;
				CLANG_ANALYZER_NUMBER_OBJECT_CONVERSION = YES_AGGRESSIVE;
				CLANG_CXX_LANGUAGE_STANDARD = "gnu++20";
				CLANG_ENABLE_MODULES = YES;
				CLANG_ENABLE_OBJC_ARC = YES;
				CLANG_ENABLE_OBJC_WEAK = YES;
				CLANG_WARN_BLOCK_CAPTURE_AUTORELEASING = YES;
				CLANG_WARN_BOOL_CONVERSION = YES;
				CLANG_WARN_COMMA = YES;
				CLANG_WARN_CONSTANT_CONVERSION = YES;
				CLANG_WARN_DEPRECATED_OBJC_IMPLEMENTATIONS = YES;
				CLANG_WARN_DIRECT_OBJC_ISA_USAGE = YES_ERROR;
				CLANG_WARN_DOCUMENTATION_COMMENTS = YES;
				CLANG_WARN_EMPTY_BODY = YES;
				CLANG_WARN_ENUM_CONVERSION = YES;
				CLANG_WARN_INFINITE_RECURSION = YES;
				CLANG_WARN_INT_CONVERSION = YES;
				CLANG_WARN_NON_LITERAL_NULL_CONVERSION = YES;
				CLANG_WARN_OBJC_IMPLICIT_RETAIN_SELF = YES;
				CLANG_WARN_OBJC_LITERAL_CONVERSION = YES;
				CLANG_WARN_OBJC_ROOT_CLASS = YES_ERROR;
				CLANG_WARN_QUOTED_INCLUDE_IN_FRAMEWORK_HEADER = YES;
				CLANG_WARN_RANGE_LOOP_ANALYSIS = YES;
				CLANG_WARN_STRICT_PROTOTYPES = YES;
				CLANG_WARN_SUSPICIOUS_MOVE = YES;
				CLANG_WARN_UNGUARDED_AVAILABILITY = YES_AGGRESSIVE;
				CLANG_WARN_UNREACHABLE_CODE = YES;
				CLANG_WARN__DUPLICATE_METHOD_MATCH = YES;
				COPY_PHASE_STRIP = NO;
				DEBUG_INFORMATION_FORMAT = dwarf;
				ENABLE_STRICT_OBJC_MSGSEND = YES;
				ENABLE_TESTABILITY = YES;
				ENABLE_USER_SCRIPT_SANDBOXING = YES;
				GCC_C_LANGUAGE_STANDARD = gnu17;
				GCC_DYNAMIC_NO_PIC = NO;
				GCC_NO_COMMON_BLOCKS = YES;
				GCC_OPTIMIZATION_LEVEL = 0;
				GCC_PREPROCESSOR_DEFINITIONS = (
					"DEBUG=1",
					"$(inherited)",
				);
				GCC_WARN_64_TO_32_BIT_CONVERSION = YES;
				GCC_WARN_ABOUT_RETURN_TYPE = YES_ERROR;
				GCC_WARN_UNDECLARED_SELECTOR = YES;
				GCC_WARN_UNINITIALIZED_AUTOS = YES_AGGRESSIVE;
				GCC_WARN_UNUSED_FUNCTION = YES;
				GCC_WARN_UNUSED_VARIABLE = YES;
				IPHONEOS_DEPLOYMENT_TARGET = 18.1;
				LOCALIZATION_PREFERS_STRING_CATALOGS = YES;
				MTL_ENABLE_DEBUG_INFO = INCLUDE_SOURCE;
				MTL_FAST_MATH = YES;
				ONLY_ACTIVE_ARCH = YES;
				SDKROOT = iphoneos;
				SWIFT_ACTIVE_COMPILATION_CONDITIONS = "DEBUG $(inherited)";
				SWIFT_OPTIMIZATION_LEVEL = "-Onone";
			};
			name = Debug;
		};
		FACB1E732CF5B3C90057D934 /* Release */ = {
			isa = XCBuildConfiguration;
			buildSettings = {
				ALWAYS_SEARCH_USER_PATHS = NO;
				ASSETCATALOG_COMPILER_GENERATE_SWIFT_ASSET_SYMBOL_EXTENSIONS = YES;
				CLANG_ANALYZER_NONNULL = YES;
				CLANG_ANALYZER_NUMBER_OBJECT_CONVERSION = YES_AGGRESSIVE;
				CLANG_CXX_LANGUAGE_STANDARD = "gnu++20";
				CLANG_ENABLE_MODULES = YES;
				CLANG_ENABLE_OBJC_ARC = YES;
				CLANG_ENABLE_OBJC_WEAK = YES;
				CLANG_WARN_BLOCK_CAPTURE_AUTORELEASING = YES;
				CLANG_WARN_BOOL_CONVERSION = YES;
				CLANG_WARN_COMMA = YES;
				CLANG_WARN_CONSTANT_CONVERSION = YES;
				CLANG_WARN_DEPRECATED_OBJC_IMPLEMENTATIONS = YES;
				CLANG_WARN_DIRECT_OBJC_ISA_USAGE = YES_ERROR;
				CLANG_WARN_DOCUMENTATION_COMMENTS = YES;
				CLANG_WARN_EMPTY_BODY = YES;
				CLANG_WARN_ENUM_CONVERSION = YES;
				CLANG_WARN_INFINITE_RECURSION = YES;
				CLANG_WARN_INT_CONVERSION = YES;
				CLANG_WARN_NON_LITERAL_NULL_CONVERSION = YES;
				CLANG_WARN_OBJC_IMPLICIT_RETAIN_SELF = YES;
				CLANG_WARN_OBJC_LITERAL_CONVERSION = YES;
				CLANG_WARN_OBJC_ROOT_CLASS = YES_ERROR;
				CLANG_WARN_QUOTED_INCLUDE_IN_FRAMEWORK_HEADER = YES;
				CLANG_WARN_RANGE_LOOP_ANALYSIS = YES;
				CLANG_WARN_STRICT_PROTOTYPES = YES;
				CLANG_WARN_SUSPICIOUS_MOVE = YES;
				CLANG_WARN_UNGUARDED_AVAILABILITY = YES_AGGRESSIVE;
				CLANG_WARN_UNREACHABLE_CODE = YES;
				CLANG_WARN__DUPLICATE_METHOD_MATCH = YES;
				COPY_PHASE_STRIP = NO;
				DEBUG_INFORMATION_FORMAT = "dwarf-with-dsym";
				ENABLE_NS_ASSERTIONS = NO;
				ENABLE_STRICT_OBJC_MSGSEND = YES;
				ENABLE_USER_SCRIPT_SANDBOXING = YES;
				GCC_C_LANGUAGE_STANDARD = gnu17;
				GCC_NO_COMMON_BLOCKS = YES;
				GCC_WARN_64_TO_32_BIT_CONVERSION = YES;
				GCC_WARN_ABOUT_RETURN_TYPE = YES_ERROR;
				GCC_WARN_UNDECLARED_SELECTOR = YES;
				GCC_WARN_UNINITIALIZED_AUTOS = YES_AGGRESSIVE;
				GCC_WARN_UNUSED_FUNCTION = YES;
				GCC_WARN_UNUSED_VARIABLE = YES;
				IPHONEOS_DEPLOYMENT_TARGET = 18.1;
				LOCALIZATION_PREFERS_STRING_CATALOGS = YES;
				MTL_ENABLE_DEBUG_INFO = NO;
				MTL_FAST_MATH = YES;
				SDKROOT = iphoneos;
				SWIFT_COMPILATION_MODE = wholemodule;
				VALIDATE_PRODUCT = YES;
			};
			name = Release;
		};
		FACB1E752CF5B3C90057D934 /* Debug */ = {
			isa = XCBuildConfiguration;
			buildSettings = {
				ASSETCATALOG_COMPILER_APPICON_NAME = AppIcon;
				ASSETCATALOG_COMPILER_GLOBAL_ACCENT_COLOR_NAME = AccentColor;
				CODE_SIGN_ENTITLEMENTS = HealthData/HealthDataDebug.entitlements;
				CODE_SIGN_STYLE = Automatic;
				CURRENT_PROJECT_VERSION = 1;
				DEVELOPMENT_ASSET_PATHS = "\"HealthData/Preview Content\"";
				DEVELOPMENT_TEAM = SRFR7M9T35;
				ENABLE_PREVIEWS = YES;
				GENERATE_INFOPLIST_FILE = NO;
				INFOPLIST_FILE = "$(SRCROOT)/HealthData/Info.plist";
				INFOPLIST_KEY_UIApplicationSceneManifest_Generation = YES;
				INFOPLIST_KEY_UIApplicationSupportsIndirectInputEvents = YES;
				INFOPLIST_KEY_UILaunchScreen_Generation = YES;
				INFOPLIST_KEY_UISupportedInterfaceOrientations_iPad = "UIInterfaceOrientationPortrait UIInterfaceOrientationPortraitUpsideDown UIInterfaceOrientationLandscapeLeft UIInterfaceOrientationLandscapeRight";
				INFOPLIST_KEY_UISupportedInterfaceOrientations_iPhone = "UIInterfaceOrientationPortrait UIInterfaceOrientationLandscapeLeft UIInterfaceOrientationLandscapeRight";
				LD_RUNPATH_SEARCH_PATHS = (
					"$(inherited)",
					"@executable_path/Frameworks",
				);
				MARKETING_VERSION = 1.0;
				PRODUCT_BUNDLE_IDENTIFIER = com.jaehyoung.HealthData;
				PRODUCT_NAME = "$(TARGET_NAME)";
				SUPPORTED_PLATFORMS = "iphoneos iphonesimulator";
				SUPPORTS_MACCATALYST = NO;
				SUPPORTS_MAC_DESIGNED_FOR_IPHONE_IPAD = NO;
				SUPPORTS_XR_DESIGNED_FOR_IPHONE_IPAD = NO;
				SWIFT_EMIT_LOC_STRINGS = YES;
				SWIFT_VERSION = 5.0;
				TARGETED_DEVICE_FAMILY = 1;
			};
			name = Debug;
		};
		FACB1E762CF5B3C90057D934 /* Release */ = {
			isa = XCBuildConfiguration;
			buildSettings = {
				ASSETCATALOG_COMPILER_APPICON_NAME = AppIcon;
				ASSETCATALOG_COMPILER_GLOBAL_ACCENT_COLOR_NAME = AccentColor;
				CODE_SIGN_ENTITLEMENTS = HealthData/HealthData.entitlements;
				CODE_SIGN_STYLE = Automatic;
				CURRENT_PROJECT_VERSION = 1;
				DEVELOPMENT_ASSET_PATHS = "\"HealthData/Preview Content\"";
				DEVELOPMENT_TEAM = SRFR7M9T35;
				ENABLE_PREVIEWS = YES;
				GENERATE_INFOPLIST_FILE = NO;
				INFOPLIST_FILE = "$(SRCROOT)/HealthData/Info.plist";
				INFOPLIST_KEY_UIApplicationSceneManifest_Generation = YES;
				INFOPLIST_KEY_UIApplicationSupportsIndirectInputEvents = YES;
				INFOPLIST_KEY_UILaunchScreen_Generation = YES;
				INFOPLIST_KEY_UISupportedInterfaceOrientations_iPad = "UIInterfaceOrientationPortrait UIInterfaceOrientationPortraitUpsideDown UIInterfaceOrientationLandscapeLeft UIInterfaceOrientationLandscapeRight";
				INFOPLIST_KEY_UISupportedInterfaceOrientations_iPhone = "UIInterfaceOrientationPortrait UIInterfaceOrientationLandscapeLeft UIInterfaceOrientationLandscapeRight";
				LD_RUNPATH_SEARCH_PATHS = (
					"$(inherited)",
					"@executable_path/Frameworks",
				);
				MARKETING_VERSION = 1.0;
				PRODUCT_BUNDLE_IDENTIFIER = com.jaehyoung.HealthData;
				PRODUCT_NAME = "$(TARGET_NAME)";
				SUPPORTED_PLATFORMS = "iphoneos iphonesimulator";
				SUPPORTS_MACCATALYST = NO;
				SUPPORTS_MAC_DESIGNED_FOR_IPHONE_IPAD = NO;
				SUPPORTS_XR_DESIGNED_FOR_IPHONE_IPAD = NO;
				SWIFT_EMIT_LOC_STRINGS = YES;
				SWIFT_VERSION = 5.0;
				TARGETED_DEVICE_FAMILY = 1;
			};
			name = Release;
		};
		FACB1E782CF5B3C90057D934 /* Debug */ = {
			isa = XCBuildConfiguration;
			buildSettings = {
				BUNDLE_LOADER = "$(TEST_HOST)";
				CODE_SIGN_STYLE = Automatic;
				CURRENT_PROJECT_VERSION = 1;
				GENERATE_INFOPLIST_FILE = YES;
				IPHONEOS_DEPLOYMENT_TARGET = 18.1;
				MARKETING_VERSION = 1.0;
				PRODUCT_BUNDLE_IDENTIFIER = "-05.HealthDataTests";
				PRODUCT_NAME = "$(TARGET_NAME)";
				SWIFT_EMIT_LOC_STRINGS = NO;
				SWIFT_VERSION = 5.0;
				TARGETED_DEVICE_FAMILY = "1,2";
				TEST_HOST = "$(BUILT_PRODUCTS_DIR)/HealthData.app/$(BUNDLE_EXECUTABLE_FOLDER_PATH)/HealthData";
			};
			name = Debug;
		};
		FACB1E792CF5B3C90057D934 /* Release */ = {
			isa = XCBuildConfiguration;
			buildSettings = {
				BUNDLE_LOADER = "$(TEST_HOST)";
				CODE_SIGN_STYLE = Automatic;
				CURRENT_PROJECT_VERSION = 1;
				GENERATE_INFOPLIST_FILE = YES;
				IPHONEOS_DEPLOYMENT_TARGET = 18.1;
				MARKETING_VERSION = 1.0;
				PRODUCT_BUNDLE_IDENTIFIER = "-05.HealthDataTests";
				PRODUCT_NAME = "$(TARGET_NAME)";
				SWIFT_EMIT_LOC_STRINGS = NO;
				SWIFT_VERSION = 5.0;
				TARGETED_DEVICE_FAMILY = "1,2";
				TEST_HOST = "$(BUILT_PRODUCTS_DIR)/HealthData.app/$(BUNDLE_EXECUTABLE_FOLDER_PATH)/HealthData";
			};
			name = Release;
		};
		FACB1E7B2CF5B3C90057D934 /* Debug */ = {
			isa = XCBuildConfiguration;
			buildSettings = {
				CODE_SIGN_STYLE = Automatic;
				CURRENT_PROJECT_VERSION = 1;
				GENERATE_INFOPLIST_FILE = YES;
				MARKETING_VERSION = 1.0;
				PRODUCT_BUNDLE_IDENTIFIER = "-05.HealthDataUITests";
				PRODUCT_NAME = "$(TARGET_NAME)";
				SWIFT_EMIT_LOC_STRINGS = NO;
				SWIFT_VERSION = 5.0;
				TARGETED_DEVICE_FAMILY = "1,2";
				TEST_TARGET_NAME = HealthData;
			};
			name = Debug;
		};
		FACB1E7C2CF5B3C90057D934 /* Release */ = {
			isa = XCBuildConfiguration;
			buildSettings = {
				CODE_SIGN_STYLE = Automatic;
				CURRENT_PROJECT_VERSION = 1;
				GENERATE_INFOPLIST_FILE = YES;
				MARKETING_VERSION = 1.0;
				PRODUCT_BUNDLE_IDENTIFIER = "-05.HealthDataUITests";
				PRODUCT_NAME = "$(TARGET_NAME)";
				SWIFT_EMIT_LOC_STRINGS = NO;
				SWIFT_VERSION = 5.0;
				TARGETED_DEVICE_FAMILY = "1,2";
				TEST_TARGET_NAME = HealthData;
			};
			name = Release;
		};
		FACB1EC22CFD46E80057D934 /* Debug */ = {
			isa = XCBuildConfiguration;
			buildSettings = {
				ASSETCATALOG_COMPILER_APPICON_NAME = AppIcon;
				ASSETCATALOG_COMPILER_GLOBAL_ACCENT_COLOR_NAME = AccentColor;
				CODE_SIGN_ENTITLEMENTS = HealthDataWatch/HealthDataWatch.entitlements;
				CODE_SIGN_STYLE = Automatic;
				CURRENT_PROJECT_VERSION = 1;
				DEVELOPMENT_ASSET_PATHS = "\"HealthDataWatch/Preview Content\"";
				DEVELOPMENT_TEAM = SRFR7M9T35;
				ENABLE_PREVIEWS = YES;
				GENERATE_INFOPLIST_FILE = YES;
				INFOPLIST_FILE = "$(SRCROOT)/HealthDataWatch/Info.plist";
				INFOPLIST_KEY_CFBundleDisplayName = HealthDataWatch;
				INFOPLIST_KEY_UISupportedInterfaceOrientations = "UIInterfaceOrientationPortrait UIInterfaceOrientationPortraitUpsideDown";
				INFOPLIST_KEY_WKCompanionAppBundleIdentifier = com.jaehyoung.HealthData;
				INFOPLIST_KEY_WKRunsIndependentlyOfCompanionApp = YES;
				LD_RUNPATH_SEARCH_PATHS = (
					"$(inherited)",
					"@executable_path/Frameworks",
				);
				MARKETING_VERSION = 1.0;
				PRODUCT_BUNDLE_IDENTIFIER = com.jaehyoung.HealthData.watchkitapp;
				PRODUCT_NAME = "$(TARGET_NAME)";
				SDKROOT = watchos;
				SKIP_INSTALL = YES;
				SWIFT_EMIT_LOC_STRINGS = YES;
				SWIFT_VERSION = 5.0;
				TARGETED_DEVICE_FAMILY = 4;
				WATCHOS_DEPLOYMENT_TARGET = 11.1;
			};
			name = Debug;
		};
		FACB1EC32CFD46E80057D934 /* Release */ = {
			isa = XCBuildConfiguration;
			buildSettings = {
				ASSETCATALOG_COMPILER_APPICON_NAME = AppIcon;
				ASSETCATALOG_COMPILER_GLOBAL_ACCENT_COLOR_NAME = AccentColor;
				CODE_SIGN_ENTITLEMENTS = HealthDataWatch/HealthDataWatch.entitlements;
				CODE_SIGN_STYLE = Automatic;
				CURRENT_PROJECT_VERSION = 1;
				DEVELOPMENT_ASSET_PATHS = "\"HealthDataWatch/Preview Content\"";
				DEVELOPMENT_TEAM = SRFR7M9T35;
				ENABLE_PREVIEWS = YES;
				GENERATE_INFOPLIST_FILE = YES;
				INFOPLIST_FILE = "$(SRCROOT)/HealthDataWatch/Info.plist";
				INFOPLIST_KEY_CFBundleDisplayName = HealthDataWatch;
				INFOPLIST_KEY_UISupportedInterfaceOrientations = "UIInterfaceOrientationPortrait UIInterfaceOrientationPortraitUpsideDown";
				INFOPLIST_KEY_WKCompanionAppBundleIdentifier = com.jaehyoung.HealthData;
				INFOPLIST_KEY_WKRunsIndependentlyOfCompanionApp = YES;
				LD_RUNPATH_SEARCH_PATHS = (
					"$(inherited)",
					"@executable_path/Frameworks",
				);
				MARKETING_VERSION = 1.0;
				PRODUCT_BUNDLE_IDENTIFIER = com.jaehyoung.HealthData.watchkitapp;
				PRODUCT_NAME = "$(TARGET_NAME)";
				SDKROOT = watchos;
				SKIP_INSTALL = YES;
				SWIFT_EMIT_LOC_STRINGS = YES;
				SWIFT_VERSION = 5.0;
				TARGETED_DEVICE_FAMILY = 4;
				WATCHOS_DEPLOYMENT_TARGET = 11.1;
			};
			name = Release;
		};
		FACB1EC62CFD46E80057D934 /* Debug */ = {
			isa = XCBuildConfiguration;
			buildSettings = {
				BUNDLE_LOADER = "$(TEST_HOST)";
				CODE_SIGN_STYLE = Automatic;
				CURRENT_PROJECT_VERSION = 1;
				DEVELOPMENT_TEAM = SRFR7M9T35;
				GENERATE_INFOPLIST_FILE = YES;
				MARKETING_VERSION = 1.0;
				PRODUCT_BUNDLE_IDENTIFIER = "-05.HealthDataWatch-Watch-AppTests";
				PRODUCT_NAME = "$(TARGET_NAME)";
				SDKROOT = watchos;
				SWIFT_EMIT_LOC_STRINGS = NO;
				SWIFT_VERSION = 5.0;
				TARGETED_DEVICE_FAMILY = 4;
				TEST_HOST = "$(BUILT_PRODUCTS_DIR)/HealthDataWatch Watch App.app/$(BUNDLE_EXECUTABLE_FOLDER_PATH)/HealthDataWatch Watch App";
				WATCHOS_DEPLOYMENT_TARGET = 11.1;
			};
			name = Debug;
		};
		FACB1EC72CFD46E80057D934 /* Release */ = {
			isa = XCBuildConfiguration;
			buildSettings = {
				BUNDLE_LOADER = "$(TEST_HOST)";
				CODE_SIGN_STYLE = Automatic;
				CURRENT_PROJECT_VERSION = 1;
				DEVELOPMENT_TEAM = SRFR7M9T35;
				GENERATE_INFOPLIST_FILE = YES;
				MARKETING_VERSION = 1.0;
				PRODUCT_BUNDLE_IDENTIFIER = "-05.HealthDataWatch-Watch-AppTests";
				PRODUCT_NAME = "$(TARGET_NAME)";
				SDKROOT = watchos;
				SWIFT_EMIT_LOC_STRINGS = NO;
				SWIFT_VERSION = 5.0;
				TARGETED_DEVICE_FAMILY = 4;
				TEST_HOST = "$(BUILT_PRODUCTS_DIR)/HealthDataWatch Watch App.app/$(BUNDLE_EXECUTABLE_FOLDER_PATH)/HealthDataWatch Watch App";
				WATCHOS_DEPLOYMENT_TARGET = 11.1;
			};
			name = Release;
		};
		FACB1EC92CFD46E80057D934 /* Debug */ = {
			isa = XCBuildConfiguration;
			buildSettings = {
				CODE_SIGN_STYLE = Automatic;
				CURRENT_PROJECT_VERSION = 1;
				DEVELOPMENT_TEAM = SRFR7M9T35;
				GENERATE_INFOPLIST_FILE = YES;
				MARKETING_VERSION = 1.0;
				PRODUCT_BUNDLE_IDENTIFIER = "-05.HealthDataWatch-Watch-AppUITests";
				PRODUCT_NAME = "$(TARGET_NAME)";
				SDKROOT = watchos;
				SWIFT_EMIT_LOC_STRINGS = NO;
				SWIFT_VERSION = 5.0;
				TARGETED_DEVICE_FAMILY = 4;
				TEST_TARGET_NAME = "HealthDataWatch Watch App";
				WATCHOS_DEPLOYMENT_TARGET = 11.1;
			};
			name = Debug;
		};
		FACB1ECA2CFD46E80057D934 /* Release */ = {
			isa = XCBuildConfiguration;
			buildSettings = {
				CODE_SIGN_STYLE = Automatic;
				CURRENT_PROJECT_VERSION = 1;
				DEVELOPMENT_TEAM = SRFR7M9T35;
				GENERATE_INFOPLIST_FILE = YES;
				MARKETING_VERSION = 1.0;
				PRODUCT_BUNDLE_IDENTIFIER = "-05.HealthDataWatch-Watch-AppUITests";
				PRODUCT_NAME = "$(TARGET_NAME)";
				SDKROOT = watchos;
				SWIFT_EMIT_LOC_STRINGS = NO;
				SWIFT_VERSION = 5.0;
				TARGETED_DEVICE_FAMILY = 4;
				TEST_TARGET_NAME = "HealthDataWatch Watch App";
				WATCHOS_DEPLOYMENT_TARGET = 11.1;
			};
			name = Release;
		};
/* End XCBuildConfiguration section */

/* Begin XCConfigurationList section */
		FACB1E4B2CF5B3C60057D934 /* Build configuration list for PBXProject "HealthData" */ = {
			isa = XCConfigurationList;
			buildConfigurations = (
				FACB1E722CF5B3C90057D934 /* Debug */,
				FACB1E732CF5B3C90057D934 /* Release */,
			);
			defaultConfigurationIsVisible = 0;
			defaultConfigurationName = Release;
		};
		FACB1E742CF5B3C90057D934 /* Build configuration list for PBXNativeTarget "HealthData" */ = {
			isa = XCConfigurationList;
			buildConfigurations = (
				FACB1E752CF5B3C90057D934 /* Debug */,
				FACB1E762CF5B3C90057D934 /* Release */,
			);
			defaultConfigurationIsVisible = 0;
			defaultConfigurationName = Release;
		};
		FACB1E772CF5B3C90057D934 /* Build configuration list for PBXNativeTarget "HealthDataTests" */ = {
			isa = XCConfigurationList;
			buildConfigurations = (
				FACB1E782CF5B3C90057D934 /* Debug */,
				FACB1E792CF5B3C90057D934 /* Release */,
			);
			defaultConfigurationIsVisible = 0;
			defaultConfigurationName = Release;
		};
		FACB1E7A2CF5B3C90057D934 /* Build configuration list for PBXNativeTarget "HealthDataUITests" */ = {
			isa = XCConfigurationList;
			buildConfigurations = (
				FACB1E7B2CF5B3C90057D934 /* Debug */,
				FACB1E7C2CF5B3C90057D934 /* Release */,
			);
			defaultConfigurationIsVisible = 0;
			defaultConfigurationName = Release;
		};
		FACB1EC12CFD46E80057D934 /* Build configuration list for PBXNativeTarget "HealthDataWatch" */ = {
			isa = XCConfigurationList;
			buildConfigurations = (
				FACB1EC22CFD46E80057D934 /* Debug */,
				FACB1EC32CFD46E80057D934 /* Release */,
			);
			defaultConfigurationIsVisible = 0;
			defaultConfigurationName = Release;
		};
		FACB1EC52CFD46E80057D934 /* Build configuration list for PBXNativeTarget "HealthDataWatchTests" */ = {
			isa = XCConfigurationList;
			buildConfigurations = (
				FACB1EC62CFD46E80057D934 /* Debug */,
				FACB1EC72CFD46E80057D934 /* Release */,
			);
			defaultConfigurationIsVisible = 0;
			defaultConfigurationName = Release;
		};
		FACB1EC82CFD46E80057D934 /* Build configuration list for PBXNativeTarget "HealthDataWatchUITests" */ = {
			isa = XCConfigurationList;
			buildConfigurations = (
				FACB1EC92CFD46E80057D934 /* Debug */,
				FACB1ECA2CFD46E80057D934 /* Release */,
			);
			defaultConfigurationIsVisible = 0;
			defaultConfigurationName = Release;
		};
/* End XCConfigurationList section */
	};
	rootObject = FACB1E482CF5B3C60057D934 /* Project object */;
}
